// !$*UTF8*$!
{
	archiveVersion = 1;
	classes = {
	};
	objectVersion = 46;
	objects = {

/* Begin PBXBuildFile section */
		6EAD0D051DB80CBA00A88E9E /* AppDelegate.swift in Sources */ = {isa = PBXBuildFile; fileRef = 6EAD0D041DB80CBA00A88E9E /* AppDelegate.swift */; };
		6EAD0D071DB80CBA00A88E9E /* GameScene.sks in Resources */ = {isa = PBXBuildFile; fileRef = 6EAD0D061DB80CBA00A88E9E /* GameScene.sks */; };
		6EAD0D091DB80CBA00A88E9E /* Actions.sks in Resources */ = {isa = PBXBuildFile; fileRef = 6EAD0D081DB80CBA00A88E9E /* Actions.sks */; };
		6EAD0D0B1DB80CBB00A88E9E /* GameScene.swift in Sources */ = {isa = PBXBuildFile; fileRef = 6EAD0D0A1DB80CBB00A88E9E /* GameScene.swift */; };
		6EAD0D0D1DB80CBB00A88E9E /* GameViewController.swift in Sources */ = {isa = PBXBuildFile; fileRef = 6EAD0D0C1DB80CBB00A88E9E /* GameViewController.swift */; };
		6EAD0D101DB80CBB00A88E9E /* Main.storyboard in Resources */ = {isa = PBXBuildFile; fileRef = 6EAD0D0E1DB80CBB00A88E9E /* Main.storyboard */; };
		6EAD0D121DB80CBB00A88E9E /* Assets.xcassets in Resources */ = {isa = PBXBuildFile; fileRef = 6EAD0D111DB80CBB00A88E9E /* Assets.xcassets */; };
		6EAD0D151DB80CBC00A88E9E /* LaunchScreen.storyboard in Resources */ = {isa = PBXBuildFile; fileRef = 6EAD0D131DB80CBC00A88E9E /* LaunchScreen.storyboard */; };
		6EAD0D1D1DB811E600A88E9E /* MCMovingGround.swift in Sources */ = {isa = PBXBuildFile; fileRef = 6EAD0D1C1DB811E600A88E9E /* MCMovingGround.swift */; };
		6EAD0D1F1DB81E2300A88E9E /* MCPanda.swift in Sources */ = {isa = PBXBuildFile; fileRef = 6EAD0D1E1DB81E2200A88E9E /* MCPanda.swift */; };
		6EAD0D211DB87CAF00A88E9E /* Constants.swift in Sources */ = {isa = PBXBuildFile; fileRef = 6EAD0D201DB87CAF00A88E9E /* Constants.swift */; };
		6EAD0D231DB87E6800A88E9E /* MCCloud.swift in Sources */ = {isa = PBXBuildFile; fileRef = 6EAD0D221DB87E6800A88E9E /* MCCloud.swift */; };
		6EAD0D251DB87F1200A88E9E /* MCCloudMain.swift in Sources */ = {isa = PBXBuildFile; fileRef = 6EAD0D241DB87F1200A88E9E /* MCCloudMain.swift */; };
/* End PBXBuildFile section */

/* Begin PBXFileReference section */
		6EAD0D011DB80CBA00A88E9E /* Panda Run.app */ = {isa = PBXFileReference; explicitFileType = wrapper.application; includeInIndex = 0; path = "Panda Run.app"; sourceTree = BUILT_PRODUCTS_DIR; };
		6EAD0D041DB80CBA00A88E9E /* AppDelegate.swift */ = {isa = PBXFileReference; lastKnownFileType = sourcecode.swift; path = AppDelegate.swift; sourceTree = "<group>"; };
		6EAD0D061DB80CBA00A88E9E /* GameScene.sks */ = {isa = PBXFileReference; lastKnownFileType = file.sks; path = GameScene.sks; sourceTree = "<group>"; };
		6EAD0D081DB80CBA00A88E9E /* Actions.sks */ = {isa = PBXFileReference; lastKnownFileType = file.sks; path = Actions.sks; sourceTree = "<group>"; };
		6EAD0D0A1DB80CBB00A88E9E /* GameScene.swift */ = {isa = PBXFileReference; lastKnownFileType = sourcecode.swift; path = GameScene.swift; sourceTree = "<group>"; };
		6EAD0D0C1DB80CBB00A88E9E /* GameViewController.swift */ = {isa = PBXFileReference; lastKnownFileType = sourcecode.swift; path = GameViewController.swift; sourceTree = "<group>"; };
		6EAD0D0F1DB80CBB00A88E9E /* Base */ = {isa = PBXFileReference; lastKnownFileType = file.storyboard; name = Base; path = Base.lproj/Main.storyboard; sourceTree = "<group>"; };
		6EAD0D111DB80CBB00A88E9E /* Assets.xcassets */ = {isa = PBXFileReference; lastKnownFileType = folder.assetcatalog; path = Assets.xcassets; sourceTree = "<group>"; };
		6EAD0D141DB80CBC00A88E9E /* Base */ = {isa = PBXFileReference; lastKnownFileType = file.storyboard; name = Base; path = Base.lproj/LaunchScreen.storyboard; sourceTree = "<group>"; };
		6EAD0D161DB80CBC00A88E9E /* Info.plist */ = {isa = PBXFileReference; lastKnownFileType = text.plist.xml; path = Info.plist; sourceTree = "<group>"; };
		6EAD0D1C1DB811E600A88E9E /* MCMovingGround.swift */ = {isa = PBXFileReference; fileEncoding = 4; lastKnownFileType = sourcecode.swift; path = MCMovingGround.swift; sourceTree = "<group>"; };
		6EAD0D1E1DB81E2200A88E9E /* MCPanda.swift */ = {isa = PBXFileReference; fileEncoding = 4; lastKnownFileType = sourcecode.swift; path = MCPanda.swift; sourceTree = "<group>"; };
		6EAD0D201DB87CAF00A88E9E /* Constants.swift */ = {isa = PBXFileReference; fileEncoding = 4; lastKnownFileType = sourcecode.swift; path = Constants.swift; sourceTree = "<group>"; };
		6EAD0D221DB87E6800A88E9E /* MCCloud.swift */ = {isa = PBXFileReference; fileEncoding = 4; lastKnownFileType = sourcecode.swift; path = MCCloud.swift; sourceTree = "<group>"; };
		6EAD0D241DB87F1200A88E9E /* MCCloudMain.swift */ = {isa = PBXFileReference; fileEncoding = 4; lastKnownFileType = sourcecode.swift; path = MCCloudMain.swift; sourceTree = "<group>"; };
/* End PBXFileReference section */

/* Begin PBXFrameworksBuildPhase section */
		6EAD0CFE1DB80CBA00A88E9E /* Frameworks */ = {
			isa = PBXFrameworksBuildPhase;
			buildActionMask = 2147483647;
			files = (
			);
			runOnlyForDeploymentPostprocessing = 0;
		};
/* End PBXFrameworksBuildPhase section */

/* Begin PBXGroup section */
		6EAD0CF81DB80CB900A88E9E = {
			isa = PBXGroup;
			children = (
				6EAD0D031DB80CBA00A88E9E /* Panda Run */,
				6EAD0D021DB80CBA00A88E9E /* Products */,
			);
			sourceTree = "<group>";
		};
		6EAD0D021DB80CBA00A88E9E /* Products */ = {
			isa = PBXGroup;
			children = (
				6EAD0D011DB80CBA00A88E9E /* Panda Run.app */,
			);
			name = Products;
			sourceTree = "<group>";
		};
		6EAD0D031DB80CBA00A88E9E /* Panda Run */ = {
			isa = PBXGroup;
			children = (
				6EAD0D041DB80CBA00A88E9E /* AppDelegate.swift */,
				6EAD0D061DB80CBA00A88E9E /* GameScene.sks */,
				6EAD0D081DB80CBA00A88E9E /* Actions.sks */,
				6EAD0D0A1DB80CBB00A88E9E /* GameScene.swift */,
				6EAD0D221DB87E6800A88E9E /* MCCloud.swift */,
				6EAD0D241DB87F1200A88E9E /* MCCloudMain.swift */,
				6EAD0D201DB87CAF00A88E9E /* Constants.swift */,
				6EAD0D1E1DB81E2200A88E9E /* MCPanda.swift */,
				6EAD0D1C1DB811E600A88E9E /* MCMovingGround.swift */,
				6EAD0D0C1DB80CBB00A88E9E /* GameViewController.swift */,
				6EAD0D0E1DB80CBB00A88E9E /* Main.storyboard */,
				6EAD0D111DB80CBB00A88E9E /* Assets.xcassets */,
				6EAD0D131DB80CBC00A88E9E /* LaunchScreen.storyboard */,
				6EAD0D161DB80CBC00A88E9E /* Info.plist */,
			);
			path = "Panda Run";
			sourceTree = "<group>";
		};
/* End PBXGroup section */

/* Begin PBXNativeTarget section */
		6EAD0D001DB80CBA00A88E9E /* Panda Run */ = {
			isa = PBXNativeTarget;
			buildConfigurationList = 6EAD0D191DB80CBC00A88E9E /* Build configuration list for PBXNativeTarget "Panda Run" */;
			buildPhases = (
				6EAD0CFD1DB80CBA00A88E9E /* Sources */,
				6EAD0CFE1DB80CBA00A88E9E /* Frameworks */,
				6EAD0CFF1DB80CBA00A88E9E /* Resources */,
			);
			buildRules = (
			);
			dependencies = (
			);
			name = "Panda Run";
			productName = "Panda Run";
			productReference = 6EAD0D011DB80CBA00A88E9E /* Panda Run.app */;
			productType = "com.apple.product-type.application";
		};
/* End PBXNativeTarget section */

/* Begin PBXProject section */
		6EAD0CF91DB80CB900A88E9E /* Project object */ = {
			isa = PBXProject;
			attributes = {
				LastSwiftUpdateCheck = 0800;
				LastUpgradeCheck = 0800;
				ORGANIZATIONNAME = cheezy;
				TargetAttributes = {
					6EAD0D001DB80CBA00A88E9E = {
						CreatedOnToolsVersion = 8.0;
						ProvisioningStyle = Automatic;
					};
				};
			};
			buildConfigurationList = 6EAD0CFC1DB80CB900A88E9E /* Build configuration list for PBXProject "Panda Run" */;
			compatibilityVersion = "Xcode 3.2";
			developmentRegion = English;
			hasScannedForEncodings = 0;
			knownRegions = (
				en,
				Base,
			);
			mainGroup = 6EAD0CF81DB80CB900A88E9E;
			productRefGroup = 6EAD0D021DB80CBA00A88E9E /* Products */;
			projectDirPath = "";
			projectRoot = "";
			targets = (
				6EAD0D001DB80CBA00A88E9E /* Panda Run */,
			);
		};
/* End PBXProject section */

/* Begin PBXResourcesBuildPhase section */
		6EAD0CFF1DB80CBA00A88E9E /* Resources */ = {
			isa = PBXResourcesBuildPhase;
			buildActionMask = 2147483647;
			files = (
				6EAD0D101DB80CBB00A88E9E /* Main.storyboard in Resources */,
				6EAD0D071DB80CBA00A88E9E /* GameScene.sks in Resources */,
				6EAD0D121DB80CBB00A88E9E /* Assets.xcassets in Resources */,
				6EAD0D151DB80CBC00A88E9E /* LaunchScreen.storyboard in Resources */,
				6EAD0D091DB80CBA00A88E9E /* Actions.sks in Resources */,
			);
			runOnlyForDeploymentPostprocessing = 0;
		};
/* End PBXResourcesBuildPhase section */

/* Begin PBXSourcesBuildPhase section */
		6EAD0CFD1DB80CBA00A88E9E /* Sources */ = {
			isa = PBXSourcesBuildPhase;
			buildActionMask = 2147483647;
			files = (
				6EAD0D251DB87F1200A88E9E /* MCCloudMain.swift in Sources */,
				6EAD0D0B1DB80CBB00A88E9E /* GameScene.swift in Sources */,
				6EAD0D0D1DB80CBB00A88E9E /* GameViewController.swift in Sources */,
				6EAD0D1D1DB811E600A88E9E /* MCMovingGround.swift in Sources */,
				6EAD0D051DB80CBA00A88E9E /* AppDelegate.swift in Sources */,
				6EAD0D1F1DB81E2300A88E9E /* MCPanda.swift in Sources */,
				6EAD0D231DB87E6800A88E9E /* MCCloud.swift in Sources */,
				6EAD0D211DB87CAF00A88E9E /* Constants.swift in Sources */,
			);
			runOnlyForDeploymentPostprocessing = 0;
		};
/* End PBXSourcesBuildPhase section */

/* Begin PBXVariantGroup section */
		6EAD0D0E1DB80CBB00A88E9E /* Main.storyboard */ = {
			isa = PBXVariantGroup;
			children = (
				6EAD0D0F1DB80CBB00A88E9E /* Base */,
			);
			name = Main.storyboard;
			sourceTree = "<group>";
		};
		6EAD0D131DB80CBC00A88E9E /* LaunchScreen.storyboard */ = {
			isa = PBXVariantGroup;
			children = (
				6EAD0D141DB80CBC00A88E9E /* Base */,
			);
			name = LaunchScreen.storyboard;
			sourceTree = "<group>";
		};
/* End PBXVariantGroup section */

/* Begin XCBuildConfiguration section */
		6EAD0D171DB80CBC00A88E9E /* Debug */ = {
			isa = XCBuildConfiguration;
			buildSettings = {
				ALWAYS_SEARCH_USER_PATHS = NO;
				CLANG_ANALYZER_NONNULL = YES;
				CLANG_CXX_LANGUAGE_STANDARD = "gnu++0x";
				CLANG_CXX_LIBRARY = "libc++";
				CLANG_ENABLE_MODULES = YES;
				CLANG_ENABLE_OBJC_ARC = YES;
				CLANG_WARN_BOOL_CONVERSION = YES;
				CLANG_WARN_CONSTANT_CONVERSION = YES;
				CLANG_WARN_DIRECT_OBJC_ISA_USAGE = YES_ERROR;
				CLANG_WARN_DOCUMENTATION_COMMENTS = YES;
				CLANG_WARN_EMPTY_BODY = YES;
				CLANG_WARN_ENUM_CONVERSION = YES;
				CLANG_WARN_INFINITE_RECURSION = YES;
				CLANG_WARN_INT_CONVERSION = YES;
				CLANG_WARN_OBJC_ROOT_CLASS = YES_ERROR;
				CLANG_WARN_SUSPICIOUS_MOVES = YES;
				CLANG_WARN_UNREACHABLE_CODE = YES;
				CLANG_WARN__DUPLICATE_METHOD_MATCH = YES;
				"CODE_SIGN_IDENTITY[sdk=iphoneos*]" = "iPhone Developer";
				COPY_PHASE_STRIP = NO;
				DEBUG_INFORMATION_FORMAT = dwarf;
				ENABLE_STRICT_OBJC_MSGSEND = YES;
				ENABLE_TESTABILITY = YES;
				GCC_C_LANGUAGE_STANDARD = gnu99;
				GCC_DYNAMIC_NO_PIC = NO;
				GCC_NO_COMMON_BLOCKS = YES;
				GCC_OPTIMIZATION_LEVEL = 0;
				GCC_PREPROCESSOR_DEFINITIONS = (
					"DEBUG=1",
					"$(inherited)",
				);
				GCC_WARN_64_TO_32_BIT_CONVERSION = YES;
				GCC_WARN_ABOUT_RETURN_TYPE = YES_ERROR;
				GCC_WARN_UNDECLARED_SELECTOR = YES;
				GCC_WARN_UNINITIALIZED_AUTOS = YES_AGGRESSIVE;
				GCC_WARN_UNUSED_FUNCTION = YES;
				GCC_WARN_UNUSED_VARIABLE = YES;
				IPHONEOS_DEPLOYMENT_TARGET = 10.0;
				MTL_ENABLE_DEBUG_INFO = YES;
				ONLY_ACTIVE_ARCH = YES;
				SDKROOT = iphoneos;
				SWIFT_ACTIVE_COMPILATION_CONDITIONS = DEBUG;
				SWIFT_OPTIMIZATION_LEVEL = "-Onone";
			};
			name = Debug;
		};
		6EAD0D181DB80CBC00A88E9E /* Release */ = {
			isa = XCBuildConfiguration;
			buildSettings = {
				ALWAYS_SEARCH_USER_PATHS = NO;
				CLANG_ANALYZER_NONNULL = YES;
				CLANG_CXX_LANGUAGE_STANDARD = "gnu++0x";
				CLANG_CXX_LIBRARY = "libc++";
				CLANG_ENABLE_MODULES = YES;
				CLANG_ENABLE_OBJC_ARC = YES;
				CLANG_WARN_BOOL_CONVERSION = YES;
				CLANG_WARN_CONSTANT_CONVERSION = YES;
				CLANG_WARN_DIRECT_OBJC_ISA_USAGE = YES_ERROR;
				CLANG_WARN_DOCUMENTATION_COMMENTS = YES;
				CLANG_WARN_EMPTY_BODY = YES;
				CLANG_WARN_ENUM_CONVERSION = YES;
				CLANG_WARN_INFINITE_RECURSION = YES;
				CLANG_WARN_INT_CONVERSION = YES;
				CLANG_WARN_OBJC_ROOT_CLASS = YES_ERROR;
				CLANG_WARN_SUSPICIOUS_MOVES = YES;
				CLANG_WARN_UNREACHABLE_CODE = YES;
				CLANG_WARN__DUPLICATE_METHOD_MATCH = YES;
				"CODE_SIGN_IDENTITY[sdk=iphoneos*]" = "iPhone Developer";
				COPY_PHASE_STRIP = NO;
				DEBUG_INFORMATION_FORMAT = "dwarf-with-dsym";
				ENABLE_NS_ASSERTIONS = NO;
				ENABLE_STRICT_OBJC_MSGSEND = YES;
				GCC_C_LANGUAGE_STANDARD = gnu99;
				GCC_NO_COMMON_BLOCKS = YES;
				GCC_WARN_64_TO_32_BIT_CONVERSION = YES;
				GCC_WARN_ABOUT_RETURN_TYPE = YES_ERROR;
				GCC_WARN_UNDECLARED_SELECTOR = YES;
				GCC_WARN_UNINITIALIZED_AUTOS = YES_AGGRESSIVE;
				GCC_WARN_UNUSED_FUNCTION = YES;
				GCC_WARN_UNUSED_VARIABLE = YES;
				IPHONEOS_DEPLOYMENT_TARGET = 10.0;
				MTL_ENABLE_DEBUG_INFO = NO;
				SDKROOT = iphoneos;
				SWIFT_OPTIMIZATION_LEVEL = "-Owholemodule";
				VALIDATE_PRODUCT = YES;
			};
			name = Release;
		};
		6EAD0D1A1DB80CBC00A88E9E /* Debug */ = {
			isa = XCBuildConfiguration;
			buildSettings = {
				ASSETCATALOG_COMPILER_APPICON_NAME = AppIcon;
				DEVELOPMENT_TEAM = "";
				INFOPLIST_FILE = "Panda Run/Info.plist";
				LD_RUNPATH_SEARCH_PATHS = "$(inherited) @executable_path/Frameworks";
				PRODUCT_BUNDLE_IDENTIFIER = "com.cheezy.Panda-Run";
				PRODUCT_NAME = "$(TARGET_NAME)";
				SWIFT_VERSION = 3.0;
			};
			name = Debug;
		};
		6EAD0D1B1DB80CBC00A88E9E /* Release */ = {
			isa = XCBuildConfiguration;
			buildSettings = {
				ASSETCATALOG_COMPILER_APPICON_NAME = AppIcon;
				DEVELOPMENT_TEAM = "";
				INFOPLIST_FILE = "Panda Run/Info.plist";
				LD_RUNPATH_SEARCH_PATHS = "$(inherited) @executable_path/Frameworks";
				PRODUCT_BUNDLE_IDENTIFIER = "com.cheezy.Panda-Run";
				PRODUCT_NAME = "$(TARGET_NAME)";
				SWIFT_VERSION = 3.0;
			};
			name = Release;
		};
/* End XCBuildConfiguration section */

/* Begin XCConfigurationList section */
		6EAD0CFC1DB80CB900A88E9E /* Build configuration list for PBXProject "Panda Run" */ = {
			isa = XCConfigurationList;
			buildConfigurations = (
				6EAD0D171DB80CBC00A88E9E /* Debug */,
				6EAD0D181DB80CBC00A88E9E /* Release */,
			);
			defaultConfigurationIsVisible = 0;
			defaultConfigurationName = Release;
		};
		6EAD0D191DB80CBC00A88E9E /* Build configuration list for PBXNativeTarget "Panda Run" */ = {
			isa = XCConfigurationList;
			buildConfigurations = (
				6EAD0D1A1DB80CBC00A88E9E /* Debug */,
				6EAD0D1B1DB80CBC00A88E9E /* Release */,
			);
			defaultConfigurationIsVisible = 0;
			defaultConfigurationName = Release;
		};
/* End XCConfigurationList section */
	};
	rootObject = 6EAD0CF91DB80CB900A88E9E /* Project object */;
}
